# THIS IS AN AUTOGENERATED FILE. DO NOT EDIT THIS FILE DIRECTLY.
# yarn lockfile v1


arguments-extended@~0.0.3:
  version "0.0.3"
  resolved "https://registry.yarnpkg.com/arguments-extended/-/arguments-extended-0.0.3.tgz#6107e4917d0eb6f0a4dd66320fc15afc72ef4946"
  integrity sha1-YQfkkX0OtvCk3WYyD8Fa/HLvSUY=
  dependencies:
    extended "~0.0.3"
    is-extended "~0.0.8"

array-extended@~0.0.3, array-extended@~0.0.4, array-extended@~0.0.5:
  version "0.0.11"
  resolved "https://registry.yarnpkg.com/array-extended/-/array-extended-0.0.11.tgz#d7144ae748de93ca726f121009dbff1626d164bd"
  integrity sha1-1xRK50jek8pybxIQCdv/FibRZL0=
  dependencies:
    arguments-extended "~0.0.3"
    extended "~0.0.3"
    is-extended "~0.0.3"

array.prototype.fill@^1.0.2:
  version "1.0.2"
  resolved "https://registry.yarnpkg.com/array.prototype.fill/-/array.prototype.fill-1.0.2.tgz#ab33207f21d57d1ab2f7f0d1cf122d3419c38ef5"
  integrity sha1-qzMgfyHVfRqy9/DRzxItNBnDjvU=

asap@~2.0.6:
  version "2.0.6"
  resolved "https://registry.yarnpkg.com/asap/-/asap-2.0.6.tgz#e50347611d7e690943208bbdafebcbc2fb866d46"
  integrity sha1-5QNHYR1+aQlDIIu9r+vLwvuGbUY=

date-extended@~0.0.3:
  version "0.0.6"
  resolved "https://registry.yarnpkg.com/date-extended/-/date-extended-0.0.6.tgz#23802d57dd1bf7818813fe0c32e851a86da267c9"
  integrity sha1-I4AtV90b94GIE/4MMuhRqG2iZ8k=
  dependencies:
    array-extended "~0.0.3"
    extended "~0.0.3"
    is-extended "~0.0.3"

declare.js@~0.0.4:
  version "0.0.8"
  resolved "https://registry.yarnpkg.com/declare.js/-/declare.js-0.0.8.tgz#0478adff9564c004f51df73d8bc134019d28dcde"
  integrity sha1-BHit/5VkwAT1Hfc9i8E0AZ0o3N4=

extended@0.0.6, extended@~0.0.3:
  version "0.0.6"
  resolved "https://registry.yarnpkg.com/extended/-/extended-0.0.6.tgz#7fb8bf7b9dae397586e48570acfd642c78e50669"
  integrity sha1-f7i/e52uOXWG5IVwrP1kLHjlBmk=
  dependencies:
    extender "~0.0.5"

extender@~0.0.5:
  version "0.0.10"
  resolved "https://registry.yarnpkg.com/extender/-/extender-0.0.10.tgz#589c07482be61a1460b6d81f9c24aa67e8f324cd"
  integrity sha1-WJwHSCvmGhRgttgfnCSqZ+jzJM0=
  dependencies:
    declare.js "~0.0.4"

fast-csv@^2.4.1:
  version "2.5.0"
  resolved "https://registry.yarnpkg.com/fast-csv/-/fast-csv-2.5.0.tgz#5332dfede3f59340cb8e9f46b2e6dff1e7612005"
  integrity sha512-M/9ezLU9/uDwvDZTt9sNFJa0iLDUsbhYJwPtnE0D9MjeuB6DY9wRCyUPZta9iI6cSz5wBWGaUPL61QH8h92cNA==
  dependencies:
    extended "0.0.6"
    is-extended "0.0.10"
    object-extended "0.0.7"
    safer-buffer "^2.1.2"
    string-extended "0.0.8"

is-extended@0.0.10, is-extended@~0.0.3, is-extended@~0.0.8:
  version "0.0.10"
  resolved "https://registry.yarnpkg.com/is-extended/-/is-extended-0.0.10.tgz#244e140df75bb1c9a3106f412ff182fb534a6d62"
  integrity sha1-JE4UDfdbscmjEG9BL/GC+1NKbWI=
  dependencies:
    extended "~0.0.3"

object-extended@0.0.7:
  version "0.0.7"
  resolved "https://registry.yarnpkg.com/object-extended/-/object-extended-0.0.7.tgz#84fd23f56b15582aeb3e88b05cb55d2432d68a33"
  integrity sha1-hP0j9WsVWCrrPoiwXLVdJDLWijM=
  dependencies:
    array-extended "~0.0.4"
    extended "~0.0.3"
    is-extended "~0.0.3"

po-csv@^1.0.2:
  version "1.0.2"
  resolved "https://registry.yarnpkg.com/po-csv/-/po-csv-1.0.2.tgz#5c7c4eb44dea3e8b637a1dce7a2cf01e353d4594"
  integrity sha512-eOWktpSimzaG9c2kbrIgNOTGyJ5zbYzs5rY0YA1RvSElJZieHgyVp57VdYmIecsaVsBamlhtQxvOGusa0LqNFw==
  dependencies:
    array.prototype.fill "^1.0.2"
    fast-csv "^2.4.1"
    pofile "^1.0.11"
    promise "^8.0.1"

pofile@^1.0.11:
  version "1.1.0"
  resolved "https://registry.yarnpkg.com/pofile/-/pofile-1.1.0.tgz#9ce84bbef5043ceb4f19bdc3520d85778fad4f94"
  integrity sha512-6XYcNkXWGiJ2CVXogTP7uJ6ZXQCldYLZc16wgRp8tqRaBTTyIfF+TUT3EQJPXTLAT7OTPpTAoaFdoXKfaTRU1w==

promise@^8.0.1:
  version "8.0.3"
  resolved "https://registry.yarnpkg.com/promise/-/promise-8.0.3.tgz#f592e099c6cddc000d538ee7283bb190452b0bf6"
  integrity sha512-HeRDUL1RJiLhyA0/grn+PTShlBAcLuh/1BJGtrvjwbvRDCTLLMEz9rOGCV+R3vHY4MixIuoMEd9Yq/XvsTPcjw==
  dependencies:
    asap "~2.0.6"

safer-buffer@^2.1.2:
  version "2.1.2"
  resolved "https://registry.yarnpkg.com/safer-buffer/-/safer-buffer-2.1.2.tgz#44fa161b0187b9549dd84bb91802f9bd8385cd6a"
  integrity sha512-YZo3K82SD7Riyi0E1EQPojLz7kpepnSQI9IyPbHHg1XXXevb5dJI7tpyN2ADxGcQbHG7vcyRHk0cbwqcQriUtg==

string-extended@0.0.8:
  version "0.0.8"
  resolved "https://registry.yarnpkg.com/string-extended/-/string-extended-0.0.8.tgz#741957dff487b0272a79eec5a44f239ee6f17ccd"
  integrity sha1-dBlX3/SHsCcqee7FpE8jnubxfM0=
  dependencies:
    array-extended "~0.0.5"
    date-extended "~0.0.3"
    extended "~0.0.3"
    is-extended "~0.0.3"
